
Microsoft Visual Studio Solution File, Format Version 12.00
# Visual Studio Version 16
VisualStudioVersion = 16.0.30330.147
MinimumVisualStudioVersion = 10.0.40219.1
Project("{FAE04EC0-301F-11D3-BF4B-00C04F79EFBC}") = "Quac", "Quac.csproj", "{FDE593AE-C940-40C0-81CF-ED00DEDA5836}"
EndProject
Global
	GlobalSection(SolutionConfigurationPlatforms) = preSolution
		Debug|Any CPU = Debug|Any CPU
		Release|Any CPU = Release|Any CPU
	EndGlobalSection
	GlobalSection(ProjectConfigurationPlatforms) = postSolution
		{FDE593AE-C940-40C0-81CF-ED00DEDA5836}.Debug|Any CPU.ActiveCfg = Debug|Any CPU
		{FDE593AE-C940-40C0-81CF-ED00DEDA5836}.Debug|Any CPU.Build.0 = Debug|Any CPU
		{FDE593AE-C940-40C0-81CF-ED00DEDA5836}.Release|Any CPU.ActiveCfg = Release|Any CPU
		{FDE593AE-C940-40C0-81CF-ED00DEDA5836}.Release|Any CPU.Build.0 = Release|Any CPU
	EndGlobalSection
	GlobalSection(SolutionProperties) = preSolution
		HideSolutionNode = FALSE
	EndGlobalSection
	GlobalSection(ExtensibilityGlobals) = postSolution
		SolutionGuid = {19DA4CE6-36DE-4811-A574-33ADB46482DF}
	EndGlobalSection
EndGlobal
